speakeasyVersion: 1.570.0
sources:
    Acuvity-OAS:
        sourceNamespace: acuvity-oas
        sourceRevisionDigest: sha256:a244d3ae6c713bf083d5a6ad50f30ed3bc0f0082cca04d13ed12ad809ac5cd4e
        sourceBlobDigest: sha256:bf90601d8f53ec558afad1bf6455e0dd5f884355b7dc3dd54a10c46be12f50ce
        tags:
            - latest
            - speakeasy-sdk-regen-1750811450
            - "1.0"
targets:
    golang:
        source: Acuvity-OAS
        sourceNamespace: acuvity-oas
        sourceRevisionDigest: sha256:0088817be043c3d9141dee545d0682ade71d41025f87f49b20f8d6165d4a2891
        sourceBlobDigest: sha256:d3f13e557b9d90559e7f476966006d55b5892c2c336be3bcc5792c37caffb3ac
        codeSamplesNamespace: acuvity-oas-code-samples
        codeSamplesRevisionDigest: sha256:3e106bfa8c48b7c167f82a991e91e82c82f95206dd6907f927d24efdbca9aa97
    python:
        source: Acuvity-OAS
        sourceNamespace: acuvity-oas
        sourceRevisionDigest: sha256:a244d3ae6c713bf083d5a6ad50f30ed3bc0f0082cca04d13ed12ad809ac5cd4e
        sourceBlobDigest: sha256:bf90601d8f53ec558afad1bf6455e0dd5f884355b7dc3dd54a10c46be12f50ce
        codeSamplesNamespace: acuvity-oas-python-code-samples
        codeSamplesRevisionDigest: sha256:619c0a031b5acae2d8046393587bc1276eaa6020921f9233099e2d1af3b74b31
    typescript:
        source: Acuvity-OAS
        sourceNamespace: acuvity-oas
        sourceRevisionDigest: sha256:c68115c44b6d2397401a3d2c7d897a8354076f651ef0b36958c0f79df9b33954
        sourceBlobDigest: sha256:f49f1f54ec10ad77472910d1f6a9166450da58ea8f01b70e0adc7cb1827bf0d8
        codeSamplesNamespace: acuvity-oas-typescript-code-samples
        codeSamplesRevisionDigest: sha256:8050d39b32bd9f88c1ef80af55efe9e610a6cd6c96c2cafc7802462601109486
workflow:
    workflowVersion: 1.0.0
    speakeasyVersion: latest
    sources:
        Acuvity-OAS:
            inputs:
                - location: ./apex-openapi.yaml
            registry:
                location: registry.speakeasyapi.dev/acuvity/acuvity/acuvity-oas
    targets:
        python:
            target: python
            source: Acuvity-OAS
            output: .
            publish:
                pypi:
                    token: $pypi_token
            codeSamples:
                registry:
                    location: registry.speakeasyapi.dev/acuvity/acuvity/acuvity-oas-python-code-samples
                blocking: false
