speakeasyVersion: 1.498.1
sources:
    Acuvity-OAS:
        sourceNamespace: acuvity-oas
        sourceRevisionDigest: sha256:255370df3ed1b08e48baea0b0f47c79eba8bec88f753cfe166bfb610e499bd8d
        sourceBlobDigest: sha256:7a033d90d0931c7b3ab9dedb3e35e2729f152ceb4d640fdf50edbe4686e1ae94
        tags:
            - latest
            - "1.0"
targets:
    python:
        source: Acuvity-OAS
        sourceNamespace: acuvity-oas
        sourceRevisionDigest: sha256:255370df3ed1b08e48baea0b0f47c79eba8bec88f753cfe166bfb610e499bd8d
        sourceBlobDigest: sha256:7a033d90d0931c7b3ab9dedb3e35e2729f152ceb4d640fdf50edbe4686e1ae94
        codeSamplesNamespace: acuvity-oas-python-code-samples
        codeSamplesRevisionDigest: sha256:ac7743470fc065ebf7ae1f2d6d9e79aabd74c06caa70f71505f6f3758062809e
workflow:
    workflowVersion: 1.0.0
    speakeasyVersion: latest
    sources:
        Acuvity-OAS:
            inputs:
                - location: ./apex-openapi.yaml
            registry:
                location: registry.speakeasyapi.dev/acuvity/acuvity/acuvity-oas
    targets:
        python:
            target: python
            source: Acuvity-OAS
            output: .
            publish:
                pypi:
                    token: $pypi_token
            codeSamples:
                registry:
                    location: registry.speakeasyapi.dev/acuvity/acuvity/acuvity-oas-python-code-samples
                blocking: false
